
Microsoft Visual Studio Solution File, Format Version 12.00
# Visual Studio Version 16
VisualStudioVersion = 16.0.30413.136
MinimumVisualStudioVersion = 10.0.40219.1
Project("{9A19103F-16F7-4668-BE54-9A1E7A4F7556}") = "AWSSQSHelper", "src\AWSSQSHelper\AWSSQSHelper.csproj", "{41CC5E84-B571-4FB9-8547-30F3E06CBE75}"
EndProject
Project("{FAE04EC0-301F-11D3-BF4B-00C04F79EFBC}") = "AWSSQSHelper.Test", "src\AWSSQSHelper.Test\AWSSQSHelper.Test.csproj", "{150E26EC-6F18-491D-BA9F-6BEE89063AB9}"
EndProject
Project("{2150E333-8FDC-42A3-9474-1A3956D46DE8}") = "Solution Items", "Solution Items", "{8B430835-EF6B-417D-9328-2788A5FA8111}"
	ProjectSection(SolutionItems) = preProject
		.editorconfig = .editorconfig
	EndProjectSection
EndProject
Global
	GlobalSection(SolutionConfigurationPlatforms) = preSolution
		Debug|Any CPU = Debug|Any CPU
		Release|Any CPU = Release|Any CPU
	EndGlobalSection
	GlobalSection(ProjectConfigurationPlatforms) = postSolution
		{41CC5E84-B571-4FB9-8547-30F3E06CBE75}.Debug|Any CPU.ActiveCfg = Debug|Any CPU
		{41CC5E84-B571-4FB9-8547-30F3E06CBE75}.Debug|Any CPU.Build.0 = Debug|Any CPU
		{41CC5E84-B571-4FB9-8547-30F3E06CBE75}.Release|Any CPU.ActiveCfg = Release|Any CPU
		{41CC5E84-B571-4FB9-8547-30F3E06CBE75}.Release|Any CPU.Build.0 = Release|Any CPU
		{150E26EC-6F18-491D-BA9F-6BEE89063AB9}.Debug|Any CPU.ActiveCfg = Debug|Any CPU
		{150E26EC-6F18-491D-BA9F-6BEE89063AB9}.Debug|Any CPU.Build.0 = Debug|Any CPU
		{150E26EC-6F18-491D-BA9F-6BEE89063AB9}.Release|Any CPU.ActiveCfg = Release|Any CPU
		{150E26EC-6F18-491D-BA9F-6BEE89063AB9}.Release|Any CPU.Build.0 = Release|Any CPU
	EndGlobalSection
	GlobalSection(SolutionProperties) = preSolution
		HideSolutionNode = FALSE
	EndGlobalSection
	GlobalSection(ExtensibilityGlobals) = postSolution
		SolutionGuid = {212C9FD4-DE38-4E10-9F31-A0F2DB9E0B01}
	EndGlobalSection
EndGlobal
